// !$*UTF8*$!
{
	archiveVersion = 1;
	classes = {
	};
	objectVersion = 46;
	objects = {

/* Begin PBXBuildFile section */
		8E136C7C1E5C30B400E6A1CF /* main.m in Sources */ = {isa = PBXBuildFile; fileRef = 8E136C7B1E5C30B400E6A1CF /* main.m */; };
		8E136C7F1E5C30B400E6A1CF /* AppDelegate.m in Sources */ = {isa = PBXBuildFile; fileRef = 8E136C7E1E5C30B400E6A1CF /* AppDelegate.m */; };
		8E136C821E5C30B400E6A1CF /* ViewController.m in Sources */ = {isa = PBXBuildFile; fileRef = 8E136C811E5C30B400E6A1CF /* ViewController.m */; };
		8E136C851E5C30B400E6A1CF /* Main.storyboard in Resources */ = {isa = PBXBuildFile; fileRef = 8E136C831E5C30B400E6A1CF /* Main.storyboard */; };
		8E136C871E5C30B400E6A1CF /* Assets.xcassets in Resources */ = {isa = PBXBuildFile; fileRef = 8E136C861E5C30B400E6A1CF /* Assets.xcassets */; };
		8E136C8A1E5C30B400E6A1CF /* LaunchScreen.storyboard in Resources */ = {isa = PBXBuildFile; fileRef = 8E136C881E5C30B400E6A1CF /* LaunchScreen.storyboard */; };
		8E136C941E5C310700E6A1CF /* BLLocationManager.m in Sources */ = {isa = PBXBuildFile; fileRef = 8E136C931E5C310700E6A1CF /* BLLocationManager.m */; };
/* End PBXBuildFile section */

/* Begin PBXFileReference section */
		8E136C771E5C30B400E6A1CF /* BLLocationManager.app */ = {isa = PBXFileReference; explicitFileType = wrapper.application; includeInIndex = 0; path = BLLocationManager.app; sourceTree = BUILT_PRODUCTS_DIR; };
		8E136C7B1E5C30B400E6A1CF /* main.m */ = {isa = PBXFileReference; lastKnownFileType = sourcecode.c.objc; path = main.m; sourceTree = "<group>"; };
		8E136C7D1E5C30B400E6A1CF /* AppDelegate.h */ = {isa = PBXFileReference; lastKnownFileType = sourcecode.c.h; path = AppDelegate.h; sourceTree = "<group>"; };
		8E136C7E1E5C30B400E6A1CF /* AppDelegate.m */ = {isa = PBXFileReference; lastKnownFileType = sourcecode.c.objc; path = AppDelegate.m; sourceTree = "<group>"; };
		8E136C801E5C30B400E6A1CF /* ViewController.h */ = {isa = PBXFileReference; lastKnownFileType = sourcecode.c.h; path = ViewController.h; sourceTree = "<group>"; };
		8E136C811E5C30B400E6A1CF /* ViewController.m */ = {isa = PBXFileReference; lastKnownFileType = sourcecode.c.objc; path = ViewController.m; sourceTree = "<group>"; };
		8E136C841E5C30B400E6A1CF /* Base */ = {isa = PBXFileReference; lastKnownFileType = file.storyboard; name = Base; path = Base.lproj/Main.storyboard; sourceTree = "<group>"; };
		8E136C861E5C30B400E6A1CF /* Assets.xcassets */ = {isa = PBXFileReference; lastKnownFileType = folder.assetcatalog; path = Assets.xcassets; sourceTree = "<group>"; };
		8E136C891E5C30B400E6A1CF /* Base */ = {isa = PBXFileReference; lastKnownFileType = file.storyboard; name = Base; path = Base.lproj/LaunchScreen.storyboard; sourceTree = "<group>"; };
		8E136C8B1E5C30B400E6A1CF /* Info.plist */ = {isa = PBXFileReference; lastKnownFileType = text.plist.xml; path = Info.plist; sourceTree = "<group>"; };
		8E136C921E5C310700E6A1CF /* BLLocationManager.h */ = {isa = PBXFileReference; fileEncoding = 4; lastKnownFileType = sourcecode.c.h; path = BLLocationManager.h; sourceTree = "<group>"; };
		8E136C931E5C310700E6A1CF /* BLLocationManager.m */ = {isa = PBXFileReference; fileEncoding = 4; lastKnownFileType = sourcecode.c.objc; path = BLLocationManager.m; sourceTree = "<group>"; };
/* End PBXFileReference section */

/* Begin PBXFrameworksBuildPhase section */
		8E136C741E5C30B400E6A1CF /* Frameworks */ = {
			isa = PBXFrameworksBuildPhase;
			buildActionMask = 2147483647;
			files = (
			);
			runOnlyForDeploymentPostprocessing = 0;
		};
/* End PBXFrameworksBuildPhase section */

/* Begin PBXGroup section */
		8E136C6E1E5C30B400E6A1CF = {
			isa = PBXGroup;
			children = (
				8E136C791E5C30B400E6A1CF /* BLLocationManager */,
				8E136C781E5C30B400E6A1CF /* Products */,
			);
			sourceTree = "<group>";
		};
		8E136C781E5C30B400E6A1CF /* Products */ = {
			isa = PBXGroup;
			children = (
				8E136C771E5C30B400E6A1CF /* BLLocationManager.app */,
			);
			name = Products;
			sourceTree = "<group>";
		};
		8E136C791E5C30B400E6A1CF /* BLLocationManager */ = {
			isa = PBXGroup;
			children = (
				8E136C911E5C30E100E6A1CF /* BLLocationManager */,
				8E136C7D1E5C30B400E6A1CF /* AppDelegate.h */,
				8E136C7E1E5C30B400E6A1CF /* AppDelegate.m */,
				8E136C801E5C30B400E6A1CF /* ViewController.h */,
				8E136C811E5C30B400E6A1CF /* ViewController.m */,
				8E136C831E5C30B400E6A1CF /* Main.storyboard */,
				8E136C861E5C30B400E6A1CF /* Assets.xcassets */,
				8E136C881E5C30B400E6A1CF /* LaunchScreen.storyboard */,
				8E136C8B1E5C30B400E6A1CF /* Info.plist */,
				8E136C7A1E5C30B400E6A1CF /* Supporting Files */,
			);
			path = BLLocationManager;
			sourceTree = "<group>";
		};
		8E136C7A1E5C30B400E6A1CF /* Supporting Files */ = {
			isa = PBXGroup;
			children = (
				8E136C7B1E5C30B400E6A1CF /* main.m */,
			);
			name = "Supporting Files";
			sourceTree = "<group>";
		};
		8E136C911E5C30E100E6A1CF /* BLLocationManager */ = {
			isa = PBXGroup;
			children = (
				8E136C921E5C310700E6A1CF /* BLLocationManager.h */,
				8E136C931E5C310700E6A1CF /* BLLocationManager.m */,
			);
			path = BLLocationManager;
			sourceTree = "<group>";
		};
/* End PBXGroup section */

/* Begin PBXNativeTarget section */
		8E136C761E5C30B400E6A1CF /* BLLocationManager */ = {
			isa = PBXNativeTarget;
			buildConfigurationList = 8E136C8E1E5C30B400E6A1CF /* Build configuration list for PBXNativeTarget "BLLocationManager" */;
			buildPhases = (
				8E136C731E5C30B400E6A1CF /* Sources */,
				8E136C741E5C30B400E6A1CF /* Frameworks */,
				8E136C751E5C30B400E6A1CF /* Resources */,
			);
			buildRules = (
			);
			dependencies = (
			);
			name = BLLocationManager;
			productName = BLLocationManager;
			productReference = 8E136C771E5C30B400E6A1CF /* BLLocationManager.app */;
			productType = "com.apple.product-type.application";
		};
/* End PBXNativeTarget section */

/* Begin PBXProject section */
		8E136C6F1E5C30B400E6A1CF /* Project object */ = {
			isa = PBXProject;
			attributes = {
				LastUpgradeCheck = 0820;
				ORGANIZATIONNAME = ocean;
				TargetAttributes = {
					8E136C761E5C30B400E6A1CF = {
						CreatedOnToolsVersion = 8.2.1;
						DevelopmentTeam = 8DJVY2YJ73;
						ProvisioningStyle = Automatic;
					};
				};
			};
			buildConfigurationList = 8E136C721E5C30B400E6A1CF /* Build configuration list for PBXProject "BLLocationManager" */;
			compatibilityVersion = "Xcode 3.2";
			developmentRegion = English;
			hasScannedForEncodings = 0;
			knownRegions = (
				en,
				Base,
			);
			mainGroup = 8E136C6E1E5C30B400E6A1CF;
			productRefGroup = 8E136C781E5C30B400E6A1CF /* Products */;
			projectDirPath = "";
			projectRoot = "";
			targets = (
				8E136C761E5C30B400E6A1CF /* BLLocationManager */,
			);
		};
/* End PBXProject section */

/* Begin PBXResourcesBuildPhase section */
		8E136C751E5C30B400E6A1CF /* Resources */ = {
			isa = PBXResourcesBuildPhase;
			buildActionMask = 2147483647;
			files = (
				8E136C8A1E5C30B400E6A1CF /* LaunchScreen.storyboard in Resources */,
				8E136C871E5C30B400E6A1CF /* Assets.xcassets in Resources */,
				8E136C851E5C30B400E6A1CF /* Main.storyboard in Resources */,
			);
			runOnlyForDeploymentPostprocessing = 0;
		};
/* End PBXResourcesBuildPhase section */

/* Begin PBXSourcesBuildPhase section */
		8E136C731E5C30B400E6A1CF /* Sources */ = {
			isa = PBXSourcesBuildPhase;
			buildActionMask = 2147483647;
			files = (
				8E136C821E5C30B400E6A1CF /* ViewController.m in Sources */,
				8E136C941E5C310700E6A1CF /* BLLocationManager.m in Sources */,
				8E136C7F1E5C30B400E6A1CF /* AppDelegate.m in Sources */,
				8E136C7C1E5C30B400E6A1CF /* main.m in Sources */,
			);
			runOnlyForDeploymentPostprocessing = 0;
		};
/* End PBXSourcesBuildPhase section */

/* Begin PBXVariantGroup section */
		8E136C831E5C30B400E6A1CF /* Main.storyboard */ = {
			isa = PBXVariantGroup;
			children = (
				8E136C841E5C30B400E6A1CF /* Base */,
			);
			name = Main.storyboard;
			sourceTree = "<group>";
		};
		8E136C881E5C30B400E6A1CF /* LaunchScreen.storyboard */ = {
			isa = PBXVariantGroup;
			children = (
				8E136C891E5C30B400E6A1CF /* Base */,
			);
			name = LaunchScreen.storyboard;
			sourceTree = "<group>";
		};
/* End PBXVariantGroup section */

/* Begin XCBuildConfiguration section */
		8E136C8C1E5C30B400E6A1CF /* Debug */ = {
			isa = XCBuildConfiguration;
			buildSettings = {
				ALWAYS_SEARCH_USER_PATHS = NO;
				CLANG_ANALYZER_NONNULL = YES;
				CLANG_CXX_LANGUAGE_STANDARD = "gnu++0x";
				CLANG_CXX_LIBRARY = "libc++";
				CLANG_ENABLE_MODULES = YES;
				CLANG_ENABLE_OBJC_ARC = YES;
				CLANG_WARN_BOOL_CONVERSION = YES;
				CLANG_WARN_CONSTANT_CONVERSION = YES;
				CLANG_WARN_DIRECT_OBJC_ISA_USAGE = YES_ERROR;
				CLANG_WARN_DOCUMENTATION_COMMENTS = YES;
				CLANG_WARN_EMPTY_BODY = YES;
				CLANG_WARN_ENUM_CONVERSION = YES;
				CLANG_WARN_INFINITE_RECURSION = YES;
				CLANG_WARN_INT_CONVERSION = YES;
				CLANG_WARN_OBJC_ROOT_CLASS = YES_ERROR;
				CLANG_WARN_SUSPICIOUS_MOVE = YES;
				CLANG_WARN_UNREACHABLE_CODE = YES;
				CLANG_WARN__DUPLICATE_METHOD_MATCH = YES;
				"CODE_SIGN_IDENTITY[sdk=iphoneos*]" = "iPhone Developer";
				COPY_PHASE_STRIP = NO;
				DEBUG_INFORMATION_FORMAT = dwarf;
				ENABLE_STRICT_OBJC_MSGSEND = YES;
				ENABLE_TESTABILITY = YES;
				GCC_C_LANGUAGE_STANDARD = gnu99;
				GCC_DYNAMIC_NO_PIC = NO;
				GCC_NO_COMMON_BLOCKS = YES;
				GCC_OPTIMIZATION_LEVEL = 0;
				GCC_PREPROCESSOR_DEFINITIONS = (
					"DEBUG=1",
					"$(inherited)",
				);
				GCC_WARN_64_TO_32_BIT_CONVERSION = YES;
				GCC_WARN_ABOUT_RETURN_TYPE = YES_ERROR;
				GCC_WARN_UNDECLARED_SELECTOR = YES;
				GCC_WARN_UNINITIALIZED_AUTOS = YES_AGGRESSIVE;
				GCC_WARN_UNUSED_FUNCTION = YES;
				GCC_WARN_UNUSED_VARIABLE = YES;
				IPHONEOS_DEPLOYMENT_TARGET = 10.2;
				MTL_ENABLE_DEBUG_INFO = YES;
				ONLY_ACTIVE_ARCH = YES;
				SDKROOT = iphoneos;
			};
			name = Debug;
		};
		8E136C8D1E5C30B400E6A1CF /* Release */ = {
			isa = XCBuildConfiguration;
			buildSettings = {
				ALWAYS_SEARCH_USER_PATHS = NO;
				CLANG_ANALYZER_NONNULL = YES;
				CLANG_CXX_LANGUAGE_STANDARD = "gnu++0x";
				CLANG_CXX_LIBRARY = "libc++";
				CLANG_ENABLE_MODULES = YES;
				CLANG_ENABLE_OBJC_ARC = YES;
				CLANG_WARN_BOOL_CONVERSION = YES;
				CLANG_WARN_CONSTANT_CONVERSION = YES;
				CLANG_WARN_DIRECT_OBJC_ISA_USAGE = YES_ERROR;
				CLANG_WARN_DOCUMENTATION_COMMENTS = YES;
				CLANG_WARN_EMPTY_BODY = YES;
				CLANG_WARN_ENUM_CONVERSION = YES;
				CLANG_WARN_INFINITE_RECURSION = YES;
				CLANG_WARN_INT_CONVERSION = YES;
				CLANG_WARN_OBJC_ROOT_CLASS = YES_ERROR;
				CLANG_WARN_SUSPICIOUS_MOVE = YES;
				CLANG_WARN_UNREACHABLE_CODE = YES;
				CLANG_WARN__DUPLICATE_METHOD_MATCH = YES;
				"CODE_SIGN_IDENTITY[sdk=iphoneos*]" = "iPhone Developer";
				COPY_PHASE_STRIP = NO;
				DEBUG_INFORMATION_FORMAT = "dwarf-with-dsym";
				ENABLE_NS_ASSERTIONS = NO;
				ENABLE_STRICT_OBJC_MSGSEND = YES;
				GCC_C_LANGUAGE_STANDARD = gnu99;
				GCC_NO_COMMON_BLOCKS = YES;
				GCC_WARN_64_TO_32_BIT_CONVERSION = YES;
				GCC_WARN_ABOUT_RETURN_TYPE = YES_ERROR;
				GCC_WARN_UNDECLARED_SELECTOR = YES;
				GCC_WARN_UNINITIALIZED_AUTOS = YES_AGGRESSIVE;
				GCC_WARN_UNUSED_FUNCTION = YES;
				GCC_WARN_UNUSED_VARIABLE = YES;
				IPHONEOS_DEPLOYMENT_TARGET = 10.2;
				MTL_ENABLE_DEBUG_INFO = NO;
				SDKROOT = iphoneos;
				VALIDATE_PRODUCT = YES;
			};
			name = Release;
		};
		8E136C8F1E5C30B400E6A1CF /* Debug */ = {
			isa = XCBuildConfiguration;
			buildSettings = {
				ASSETCATALOG_COMPILER_APPICON_NAME = AppIcon;
				DEVELOPMENT_TEAM = 8DJVY2YJ73;
				INFOPLIST_FILE = BLLocationManager/Info.plist;
				LD_RUNPATH_SEARCH_PATHS = "$(inherited) @executable_path/Frameworks";
				PRODUCT_BUNDLE_IDENTIFIER = com.boundless.BLLocationManager;
				PRODUCT_NAME = "$(TARGET_NAME)";
			};
			name = Debug;
		};
		8E136C901E5C30B400E6A1CF /* Release */ = {
			isa = XCBuildConfiguration;
			buildSettings = {
				ASSETCATALOG_COMPILER_APPICON_NAME = AppIcon;
				DEVELOPMENT_TEAM = 8DJVY2YJ73;
				INFOPLIST_FILE = BLLocationManager/Info.plist;
				LD_RUNPATH_SEARCH_PATHS = "$(inherited) @executable_path/Frameworks";
				PRODUCT_BUNDLE_IDENTIFIER = com.boundless.BLLocationManager;
				PRODUCT_NAME = "$(TARGET_NAME)";
			};
			name = Release;
		};
/* End XCBuildConfiguration section */

/* Begin XCConfigurationList section */
		8E136C721E5C30B400E6A1CF /* Build configuration list for PBXProject "BLLocationManager" */ = {
			isa = XCConfigurationList;
			buildConfigurations = (
				8E136C8C1E5C30B400E6A1CF /* Debug */,
				8E136C8D1E5C30B400E6A1CF /* Release */,
			);
			defaultConfigurationIsVisible = 0;
			defaultConfigurationName = Release;
		};
		8E136C8E1E5C30B400E6A1CF /* Build configuration list for PBXNativeTarget "BLLocationManager" */ = {
			isa = XCConfigurationList;
			buildConfigurations = (
				8E136C8F1E5C30B400E6A1CF /* Debug */,
				8E136C901E5C30B400E6A1CF /* Release */,
			);
			defaultConfigurationIsVisible = 0;
			defaultConfigurationName = Release;
		};
/* End XCConfigurationList section */
	};
	rootObject = 8E136C6F1E5C30B400E6A1CF /* Project object */;
}
